{
  "name": "ex.3.1",
  "version": "1.0.0",
  "lockfileVersion": 1,
  "requires": true,
  "dependencies": {
    "@volkovakaterin/ajs": {
      "version": "1.0.0",
      "resolved": "https://npm.pkg.github.com/download/@volkovakaterin/ajs/1.0.0/dee602bbe2e41fed9a1dc1561d556ba5d113510c3dd0ee53b477f9f08a70bcdb",
      "integrity": "sha512-Kjv+91tSLyN0ZxsS3JhYuIwkoV3zbAb72j2TDsXV02JPMTgmUN50Vj8Ryifi0dT2I5BNiCJHD/tQD40JPvab8g=="
    }
  }
}
